{
  "name": "icn-v3",
  "lockfileVersion": 2,
  "requires": true,
  "packages": {
    "": {
      "dependencies": {
        "multiformats": "^13.3.3"
      }
    },
    "node_modules/multiformats": {
      "version": "13.3.3",
      "resolved": "https://registry.npmjs.org/multiformats/-/multiformats-13.3.3.tgz",
      "integrity": "sha512-TlaFCzs3NHNzMpwiGwRYehnnhHlZcWfptygFekshlb9xCyO09GfN+9881+VBENCdRnKOeqmMxDCbupNecV8xRQ=="
    }
  },
  "dependencies": {
    "multiformats": {
      "version": "13.3.3",
      "resolved": "https://registry.npmjs.org/multiformats/-/multiformats-13.3.3.tgz",
      "integrity": "sha512-TlaFCzs3NHNzMpwiGwRYehnnhHlZcWfptygFekshlb9xCyO09GfN+9881+VBENCdRnKOeqmMxDCbupNecV8xRQ=="
    }
  }
}
